// !$*UTF8*$!
{
	archiveVersion = 1;
	classes = {
	};
	objectVersion = 50;
	objects = {

/* Begin PBXBuildFile section */
		B3131FF820FCC4F30073482A /* AppDelegate.swift in Sources */ = {isa = PBXBuildFile; fileRef = B3131FF720FCC4F30073482A /* AppDelegate.swift */; };
		B3131FFA20FCC4F30073482A /* ViewController.swift in Sources */ = {isa = PBXBuildFile; fileRef = B3131FF920FCC4F30073482A /* ViewController.swift */; };
		B3131FFD20FCC4F30073482A /* Main.storyboard in Resources */ = {isa = PBXBuildFile; fileRef = B3131FFB20FCC4F30073482A /* Main.storyboard */; };
		B3131FFF20FCC4F30073482A /* Assets.xcassets in Resources */ = {isa = PBXBuildFile; fileRef = B3131FFE20FCC4F30073482A /* Assets.xcassets */; };
		B313200220FCC4F30073482A /* LaunchScreen.storyboard in Resources */ = {isa = PBXBuildFile; fileRef = B313200020FCC4F30073482A /* LaunchScreen.storyboard */; };
		B384812320FD65B700DB97B7 /* Budget.swift in Sources */ = {isa = PBXBuildFile; fileRef = B384811F20FD65B700DB97B7 /* Budget.swift */; };
		B384812420FD65B700DB97B7 /* Category.swift in Sources */ = {isa = PBXBuildFile; fileRef = B384812020FD65B700DB97B7 /* Category.swift */; };
		B384812520FD65B700DB97B7 /* ReoccurringTransaction.swift in Sources */ = {isa = PBXBuildFile; fileRef = B384812120FD65B700DB97B7 /* ReoccurringTransaction.swift */; };
		B384812620FD65B700DB97B7 /* Transaction.swift in Sources */ = {isa = PBXBuildFile; fileRef = B384812220FD65B700DB97B7 /* Transaction.swift */; };
/* End PBXBuildFile section */

/* Begin PBXFileReference section */
		B3131FF420FCC4F30073482A /* BudgetApp.app */ = {isa = PBXFileReference; explicitFileType = wrapper.application; includeInIndex = 0; path = BudgetApp.app; sourceTree = BUILT_PRODUCTS_DIR; };
		B3131FF720FCC4F30073482A /* AppDelegate.swift */ = {isa = PBXFileReference; lastKnownFileType = sourcecode.swift; path = AppDelegate.swift; sourceTree = "<group>"; };
		B3131FF920FCC4F30073482A /* ViewController.swift */ = {isa = PBXFileReference; lastKnownFileType = sourcecode.swift; path = ViewController.swift; sourceTree = "<group>"; };
		B3131FFC20FCC4F30073482A /* Base */ = {isa = PBXFileReference; lastKnownFileType = file.storyboard; name = Base; path = Base.lproj/Main.storyboard; sourceTree = "<group>"; };
		B3131FFE20FCC4F30073482A /* Assets.xcassets */ = {isa = PBXFileReference; lastKnownFileType = folder.assetcatalog; path = Assets.xcassets; sourceTree = "<group>"; };
		B313200120FCC4F30073482A /* Base */ = {isa = PBXFileReference; lastKnownFileType = file.storyboard; name = Base; path = Base.lproj/LaunchScreen.storyboard; sourceTree = "<group>"; };
		B313200320FCC4F30073482A /* Info.plist */ = {isa = PBXFileReference; lastKnownFileType = text.plist.xml; path = Info.plist; sourceTree = "<group>"; };
		B384811F20FD65B700DB97B7 /* Budget.swift */ = {isa = PBXFileReference; fileEncoding = 4; lastKnownFileType = sourcecode.swift; path = Budget.swift; sourceTree = "<group>"; };
		B384812020FD65B700DB97B7 /* Category.swift */ = {isa = PBXFileReference; fileEncoding = 4; lastKnownFileType = sourcecode.swift; path = Category.swift; sourceTree = "<group>"; };
		B384812120FD65B700DB97B7 /* ReoccurringTransaction.swift */ = {isa = PBXFileReference; fileEncoding = 4; lastKnownFileType = sourcecode.swift; path = ReoccurringTransaction.swift; sourceTree = "<group>"; };
		B384812220FD65B700DB97B7 /* Transaction.swift */ = {isa = PBXFileReference; fileEncoding = 4; lastKnownFileType = sourcecode.swift; path = Transaction.swift; sourceTree = "<group>"; };
/* End PBXFileReference section */

/* Begin PBXFrameworksBuildPhase section */
		B3131FF120FCC4F30073482A /* Frameworks */ = {
			isa = PBXFrameworksBuildPhase;
			buildActionMask = 2147483647;
			files = (
			);
			runOnlyForDeploymentPostprocessing = 0;
		};
/* End PBXFrameworksBuildPhase section */

/* Begin PBXGroup section */
		B3131FEB20FCC4F30073482A = {
			isa = PBXGroup;
			children = (
				B3131FF620FCC4F30073482A /* BudgetApp */,
				B3131FF520FCC4F30073482A /* Products */,
			);
			sourceTree = "<group>";
		};
		B3131FF520FCC4F30073482A /* Products */ = {
			isa = PBXGroup;
			children = (
				B3131FF420FCC4F30073482A /* BudgetApp.app */,
			);
			name = Products;
			sourceTree = "<group>";
		};
		B3131FF620FCC4F30073482A /* BudgetApp */ = {
			isa = PBXGroup;
			children = (
				B313200C20FCC52A0073482A /* Model */,
				B313200B20FCC51E0073482A /* View */,
				B313200A20FCC5100073482A /* Controller */,
				B313200920FCC5030073482A /* Resources */,
			);
			path = BudgetApp;
			sourceTree = "<group>";
		};
		B313200920FCC5030073482A /* Resources */ = {
			isa = PBXGroup;
			children = (
				B3131FF720FCC4F30073482A /* AppDelegate.swift */,
				B3131FFB20FCC4F30073482A /* Main.storyboard */,
				B3131FFE20FCC4F30073482A /* Assets.xcassets */,
				B313200020FCC4F30073482A /* LaunchScreen.storyboard */,
				B313200320FCC4F30073482A /* Info.plist */,
			);
			path = Resources;
			sourceTree = "<group>";
		};
		B313200A20FCC5100073482A /* Controller */ = {
			isa = PBXGroup;
			children = (
				B3131FF920FCC4F30073482A /* ViewController.swift */,
			);
			path = Controller;
			sourceTree = "<group>";
		};
		B313200B20FCC51E0073482A /* View */ = {
			isa = PBXGroup;
			children = (
			);
			path = View;
			sourceTree = "<group>";
		};
		B313200C20FCC52A0073482A /* Model */ = {
			isa = PBXGroup;
			children = (
				B384811F20FD65B700DB97B7 /* Budget.swift */,
				B384812020FD65B700DB97B7 /* Category.swift */,
				B384812120FD65B700DB97B7 /* ReoccurringTransaction.swift */,
				B384812220FD65B700DB97B7 /* Transaction.swift */,
			);
			path = Model;
			sourceTree = "<group>";
		};
/* End PBXGroup section */

/* Begin PBXNativeTarget section */
		B3131FF320FCC4F30073482A /* BudgetApp */ = {
			isa = PBXNativeTarget;
			buildConfigurationList = B313200620FCC4F30073482A /* Build configuration list for PBXNativeTarget "BudgetApp" */;
			buildPhases = (
				B3131FF020FCC4F30073482A /* Sources */,
				B3131FF120FCC4F30073482A /* Frameworks */,
				B3131FF220FCC4F30073482A /* Resources */,
			);
			buildRules = (
			);
			dependencies = (
			);
			name = BudgetApp;
			productName = BudgetApp;
			productReference = B3131FF420FCC4F30073482A /* BudgetApp.app */;
			productType = "com.apple.product-type.application";
		};
/* End PBXNativeTarget section */

/* Begin PBXProject section */
		B3131FEC20FCC4F30073482A /* Project object */ = {
			isa = PBXProject;
			attributes = {
				LastSwiftUpdateCheck = 0940;
				LastUpgradeCheck = 0940;
				ORGANIZATIONNAME = "Alexander Kerendian";
				TargetAttributes = {
					B3131FF320FCC4F30073482A = {
						CreatedOnToolsVersion = 9.4.1;
					};
				};
			};
			buildConfigurationList = B3131FEF20FCC4F30073482A /* Build configuration list for PBXProject "BudgetApp" */;
			compatibilityVersion = "Xcode 9.3";
			developmentRegion = en;
			hasScannedForEncodings = 0;
			knownRegions = (
				en,
				Base,
			);
			mainGroup = B3131FEB20FCC4F30073482A;
			productRefGroup = B3131FF520FCC4F30073482A /* Products */;
			projectDirPath = "";
			projectRoot = "";
			targets = (
				B3131FF320FCC4F30073482A /* BudgetApp */,
			);
		};
/* End PBXProject section */

/* Begin PBXResourcesBuildPhase section */
		B3131FF220FCC4F30073482A /* Resources */ = {
			isa = PBXResourcesBuildPhase;
			buildActionMask = 2147483647;
			files = (
				B313200220FCC4F30073482A /* LaunchScreen.storyboard in Resources */,
				B3131FFF20FCC4F30073482A /* Assets.xcassets in Resources */,
				B3131FFD20FCC4F30073482A /* Main.storyboard in Resources */,
			);
			runOnlyForDeploymentPostprocessing = 0;
		};
/* End PBXResourcesBuildPhase section */

/* Begin PBXSourcesBuildPhase section */
		B3131FF020FCC4F30073482A /* Sources */ = {
			isa = PBXSourcesBuildPhase;
			buildActionMask = 2147483647;
			files = (
				B3131FFA20FCC4F30073482A /* ViewController.swift in Sources */,
				B3131FF820FCC4F30073482A /* AppDelegate.swift in Sources */,
				B384812620FD65B700DB97B7 /* Transaction.swift in Sources */,
				B384812320FD65B700DB97B7 /* Budget.swift in Sources */,
				B384812420FD65B700DB97B7 /* Category.swift in Sources */,
				B384812520FD65B700DB97B7 /* ReoccurringTransaction.swift in Sources */,
			);
			runOnlyForDeploymentPostprocessing = 0;
		};
/* End PBXSourcesBuildPhase section */

/* Begin PBXVariantGroup section */
		B3131FFB20FCC4F30073482A /* Main.storyboard */ = {
			isa = PBXVariantGroup;
			children = (
				B3131FFC20FCC4F30073482A /* Base */,
			);
			name = Main.storyboard;
			sourceTree = "<group>";
		};
		B313200020FCC4F30073482A /* LaunchScreen.storyboard */ = {
			isa = PBXVariantGroup;
			children = (
				B313200120FCC4F30073482A /* Base */,
			);
			name = LaunchScreen.storyboard;
			sourceTree = "<group>";
		};
/* End PBXVariantGroup section */

/* Begin XCBuildConfiguration section */
		B313200420FCC4F30073482A /* Debug */ = {
			isa = XCBuildConfiguration;
			buildSettings = {
				ALWAYS_SEARCH_USER_PATHS = NO;
				CLANG_ANALYZER_NONNULL = YES;
				CLANG_ANALYZER_NUMBER_OBJECT_CONVERSION = YES_AGGRESSIVE;
				CLANG_CXX_LANGUAGE_STANDARD = "gnu++14";
				CLANG_CXX_LIBRARY = "libc++";
				CLANG_ENABLE_MODULES = YES;
				CLANG_ENABLE_OBJC_ARC = YES;
				CLANG_ENABLE_OBJC_WEAK = YES;
				CLANG_WARN_BLOCK_CAPTURE_AUTORELEASING = YES;
				CLANG_WARN_BOOL_CONVERSION = YES;
				CLANG_WARN_COMMA = YES;
				CLANG_WARN_CONSTANT_CONVERSION = YES;
				CLANG_WARN_DEPRECATED_OBJC_IMPLEMENTATIONS = YES;
				CLANG_WARN_DIRECT_OBJC_ISA_USAGE = YES_ERROR;
				CLANG_WARN_DOCUMENTATION_COMMENTS = YES;
				CLANG_WARN_EMPTY_BODY = YES;
				CLANG_WARN_ENUM_CONVERSION = YES;
				CLANG_WARN_INFINITE_RECURSION = YES;
				CLANG_WARN_INT_CONVERSION = YES;
				CLANG_WARN_NON_LITERAL_NULL_CONVERSION = YES;
				CLANG_WARN_OBJC_IMPLICIT_RETAIN_SELF = YES;
				CLANG_WARN_OBJC_LITERAL_CONVERSION = YES;
				CLANG_WARN_OBJC_ROOT_CLASS = YES_ERROR;
				CLANG_WARN_RANGE_LOOP_ANALYSIS = YES;
				CLANG_WARN_STRICT_PROTOTYPES = YES;
				CLANG_WARN_SUSPICIOUS_MOVE = YES;
				CLANG_WARN_UNGUARDED_AVAILABILITY = YES_AGGRESSIVE;
				CLANG_WARN_UNREACHABLE_CODE = YES;
				CLANG_WARN__DUPLICATE_METHOD_MATCH = YES;
				CODE_SIGN_IDENTITY = "iPhone Developer";
				COPY_PHASE_STRIP = NO;
				DEBUG_INFORMATION_FORMAT = dwarf;
				ENABLE_STRICT_OBJC_MSGSEND = YES;
				ENABLE_TESTABILITY = YES;
				GCC_C_LANGUAGE_STANDARD = gnu11;
				GCC_DYNAMIC_NO_PIC = NO;
				GCC_NO_COMMON_BLOCKS = YES;
				GCC_OPTIMIZATION_LEVEL = 0;
				GCC_PREPROCESSOR_DEFINITIONS = (
					"DEBUG=1",
					"$(inherited)",
				);
				GCC_WARN_64_TO_32_BIT_CONVERSION = YES;
				GCC_WARN_ABOUT_RETURN_TYPE = YES_ERROR;
				GCC_WARN_UNDECLARED_SELECTOR = YES;
				GCC_WARN_UNINITIALIZED_AUTOS = YES_AGGRESSIVE;
				GCC_WARN_UNUSED_FUNCTION = YES;
				GCC_WARN_UNUSED_VARIABLE = YES;
				IPHONEOS_DEPLOYMENT_TARGET = 11.4;
				MTL_ENABLE_DEBUG_INFO = YES;
				ONLY_ACTIVE_ARCH = YES;
				SDKROOT = iphoneos;
				SWIFT_ACTIVE_COMPILATION_CONDITIONS = DEBUG;
				SWIFT_OPTIMIZATION_LEVEL = "-Onone";
			};
			name = Debug;
		};
		B313200520FCC4F30073482A /* Release */ = {
			isa = XCBuildConfiguration;
			buildSettings = {
				ALWAYS_SEARCH_USER_PATHS = NO;
				CLANG_ANALYZER_NONNULL = YES;
				CLANG_ANALYZER_NUMBER_OBJECT_CONVERSION = YES_AGGRESSIVE;
				CLANG_CXX_LANGUAGE_STANDARD = "gnu++14";
				CLANG_CXX_LIBRARY = "libc++";
				CLANG_ENABLE_MODULES = YES;
				CLANG_ENABLE_OBJC_ARC = YES;
				CLANG_ENABLE_OBJC_WEAK = YES;
				CLANG_WARN_BLOCK_CAPTURE_AUTORELEASING = YES;
				CLANG_WARN_BOOL_CONVERSION = YES;
				CLANG_WARN_COMMA = YES;
				CLANG_WARN_CONSTANT_CONVERSION = YES;
				CLANG_WARN_DEPRECATED_OBJC_IMPLEMENTATIONS = YES;
				CLANG_WARN_DIRECT_OBJC_ISA_USAGE = YES_ERROR;
				CLANG_WARN_DOCUMENTATION_COMMENTS = YES;
				CLANG_WARN_EMPTY_BODY = YES;
				CLANG_WARN_ENUM_CONVERSION = YES;
				CLANG_WARN_INFINITE_RECURSION = YES;
				CLANG_WARN_INT_CONVERSION = YES;
				CLANG_WARN_NON_LITERAL_NULL_CONVERSION = YES;
				CLANG_WARN_OBJC_IMPLICIT_RETAIN_SELF = YES;
				CLANG_WARN_OBJC_LITERAL_CONVERSION = YES;
				CLANG_WARN_OBJC_ROOT_CLASS = YES_ERROR;
				CLANG_WARN_RANGE_LOOP_ANALYSIS = YES;
				CLANG_WARN_STRICT_PROTOTYPES = YES;
				CLANG_WARN_SUSPICIOUS_MOVE = YES;
				CLANG_WARN_UNGUARDED_AVAILABILITY = YES_AGGRESSIVE;
				CLANG_WARN_UNREACHABLE_CODE = YES;
				CLANG_WARN__DUPLICATE_METHOD_MATCH = YES;
				CODE_SIGN_IDENTITY = "iPhone Developer";
				COPY_PHASE_STRIP = NO;
				DEBUG_INFORMATION_FORMAT = "dwarf-with-dsym";
				ENABLE_NS_ASSERTIONS = NO;
				ENABLE_STRICT_OBJC_MSGSEND = YES;
				GCC_C_LANGUAGE_STANDARD = gnu11;
				GCC_NO_COMMON_BLOCKS = YES;
				GCC_WARN_64_TO_32_BIT_CONVERSION = YES;
				GCC_WARN_ABOUT_RETURN_TYPE = YES_ERROR;
				GCC_WARN_UNDECLARED_SELECTOR = YES;
				GCC_WARN_UNINITIALIZED_AUTOS = YES_AGGRESSIVE;
				GCC_WARN_UNUSED_FUNCTION = YES;
				GCC_WARN_UNUSED_VARIABLE = YES;
				IPHONEOS_DEPLOYMENT_TARGET = 11.4;
				MTL_ENABLE_DEBUG_INFO = NO;
				SDKROOT = iphoneos;
				SWIFT_COMPILATION_MODE = wholemodule;
				SWIFT_OPTIMIZATION_LEVEL = "-O";
				VALIDATE_PRODUCT = YES;
			};
			name = Release;
		};
		B313200720FCC4F30073482A /* Debug */ = {
			isa = XCBuildConfiguration;
			buildSettings = {
				ASSETCATALOG_COMPILER_APPICON_NAME = AppIcon;
				CODE_SIGN_STYLE = Automatic;
				DEVELOPMENT_TEAM = 6PQJ4KYE37;
				INFOPLIST_FILE = "$(SRCROOT)/BudgetApp/Resources/Info.plist";
				LD_RUNPATH_SEARCH_PATHS = (
					"$(inherited)",
					"@executable_path/Frameworks",
				);
				PRODUCT_BUNDLE_IDENTIFIER = AkTrapp.BudgetApp;
				PRODUCT_NAME = "$(TARGET_NAME)";
				SWIFT_VERSION = 4.0;
				TARGETED_DEVICE_FAMILY = "1,2";
			};
			name = Debug;
		};
		B313200820FCC4F30073482A /* Release */ = {
			isa = XCBuildConfiguration;
			buildSettings = {
				ASSETCATALOG_COMPILER_APPICON_NAME = AppIcon;
				CODE_SIGN_STYLE = Automatic;
				DEVELOPMENT_TEAM = 6PQJ4KYE37;
				INFOPLIST_FILE = "$(SRCROOT)/BudgetApp/Resources/Info.plist";
				LD_RUNPATH_SEARCH_PATHS = (
					"$(inherited)",
					"@executable_path/Frameworks",
				);
				PRODUCT_BUNDLE_IDENTIFIER = AkTrapp.BudgetApp;
				PRODUCT_NAME = "$(TARGET_NAME)";
				SWIFT_VERSION = 4.0;
				TARGETED_DEVICE_FAMILY = "1,2";
			};
			name = Release;
		};
/* End XCBuildConfiguration section */

/* Begin XCConfigurationList section */
		B3131FEF20FCC4F30073482A /* Build configuration list for PBXProject "BudgetApp" */ = {
			isa = XCConfigurationList;
			buildConfigurations = (
				B313200420FCC4F30073482A /* Debug */,
				B313200520FCC4F30073482A /* Release */,
			);
			defaultConfigurationIsVisible = 0;
			defaultConfigurationName = Release;
		};
		B313200620FCC4F30073482A /* Build configuration list for PBXNativeTarget "BudgetApp" */ = {
			isa = XCConfigurationList;
			buildConfigurations = (
				B313200720FCC4F30073482A /* Debug */,
				B313200820FCC4F30073482A /* Release */,
			);
			defaultConfigurationIsVisible = 0;
			defaultConfigurationName = Release;
		};
/* End XCConfigurationList section */
	};
	rootObject = B3131FEC20FCC4F30073482A /* Project object */;
}
